
Microsoft Visual Studio Solution File, Format Version 12.00
# Visual Studio Version 17
VisualStudioVersion = 17.4.33110.190
MinimumVisualStudioVersion = 10.0.40219.1
Project("{FAE04EC0-301F-11D3-BF4B-00C04F79EFBC}") = "InterFace", "InterFace\InterFace.csproj", "{B7F0AD17-BACB-4C38-818F-3A456622EAD9}"
EndProject
Global
	GlobalSection(SolutionConfigurationPlatforms) = preSolution
		Debug|Any CPU = Debug|Any CPU
		Release|Any CPU = Release|Any CPU
	EndGlobalSection
	GlobalSection(ProjectConfigurationPlatforms) = postSolution
		{B7F0AD17-BACB-4C38-818F-3A456622EAD9}.Debug|Any CPU.ActiveCfg = Debug|Any CPU
		{B7F0AD17-BACB-4C38-818F-3A456622EAD9}.Debug|Any CPU.Build.0 = Debug|Any CPU
		{B7F0AD17-BACB-4C38-818F-3A456622EAD9}.Release|Any CPU.ActiveCfg = Release|Any CPU
		{B7F0AD17-BACB-4C38-818F-3A456622EAD9}.Release|Any CPU.Build.0 = Release|Any CPU
	EndGlobalSection
	GlobalSection(SolutionProperties) = preSolution
		HideSolutionNode = FALSE
	EndGlobalSection
	GlobalSection(ExtensibilityGlobals) = postSolution
		SolutionGuid = {64DFEB9A-7C11-43F0-8B54-4662EA134C65}
	EndGlobalSection
EndGlobal
